
Microsoft Visual Studio Solution File, Format Version 12.00
# Visual Studio Version 16
VisualStudioVersion = 16.0.34601.136
MinimumVisualStudioVersion = 10.0.40219.1
Project("{FAE04EC0-301F-11D3-BF4B-00C04F79EFBC}") = "LabMultilistas", "LabMultilistas\LabMultilistas.csproj", "{23529A36-9A47-4C26-B42B-E37722A45586}"
EndProject
Global
	GlobalSection(SolutionConfigurationPlatforms) = preSolution
		Debug|Any CPU = Debug|Any CPU
		Release|Any CPU = Release|Any CPU
	EndGlobalSection
	GlobalSection(ProjectConfigurationPlatforms) = postSolution
		{23529A36-9A47-4C26-B42B-E37722A45586}.Debug|Any CPU.ActiveCfg = Debug|Any CPU
		{23529A36-9A47-4C26-B42B-E37722A45586}.Debug|Any CPU.Build.0 = Debug|Any CPU
		{23529A36-9A47-4C26-B42B-E37722A45586}.Release|Any CPU.ActiveCfg = Release|Any CPU
		{23529A36-9A47-4C26-B42B-E37722A45586}.Release|Any CPU.Build.0 = Release|Any CPU
	EndGlobalSection
	GlobalSection(SolutionProperties) = preSolution
		HideSolutionNode = FALSE
	EndGlobalSection
	GlobalSection(ExtensibilityGlobals) = postSolution
		SolutionGuid = {F79F34A2-FC49-4EF3-809E-DD605BC4A875}
	EndGlobalSection
EndGlobal
