
Microsoft Visual Studio Solution File, Format Version 12.00
# Visual Studio Version 17
VisualStudioVersion = 17.11.35208.52
MinimumVisualStudioVersion = 10.0.40219.1
Project("{FAE04EC0-301F-11D3-BF4B-00C04F79EFBC}") = "Datos", "Datos\Datos.csproj", "{1BC1AD23-E9EB-4FB4-AD4F-ED86D087147C}"
EndProject
Project("{FAE04EC0-301F-11D3-BF4B-00C04F79EFBC}") = "Negocio", "Negocio\Negocio.csproj", "{C3CC0A32-3575-4E30-8BE0-5E931D914D3E}"
EndProject
Project("{FAE04EC0-301F-11D3-BF4B-00C04F79EFBC}") = "Presentacion", "Presentacion\Presentacion.csproj", "{816BDE8F-C187-44FE-9086-75463B1FEB30}"
EndProject
Global
	GlobalSection(SolutionConfigurationPlatforms) = preSolution
		Debug|Any CPU = Debug|Any CPU
		Release|Any CPU = Release|Any CPU
	EndGlobalSection
	GlobalSection(ProjectConfigurationPlatforms) = postSolution
		{1BC1AD23-E9EB-4FB4-AD4F-ED86D087147C}.Debug|Any CPU.ActiveCfg = Debug|Any CPU
		{1BC1AD23-E9EB-4FB4-AD4F-ED86D087147C}.Debug|Any CPU.Build.0 = Debug|Any CPU
		{1BC1AD23-E9EB-4FB4-AD4F-ED86D087147C}.Release|Any CPU.ActiveCfg = Release|Any CPU
		{1BC1AD23-E9EB-4FB4-AD4F-ED86D087147C}.Release|Any CPU.Build.0 = Release|Any CPU
		{C3CC0A32-3575-4E30-8BE0-5E931D914D3E}.Debug|Any CPU.ActiveCfg = Debug|Any CPU
		{C3CC0A32-3575-4E30-8BE0-5E931D914D3E}.Debug|Any CPU.Build.0 = Debug|Any CPU
		{C3CC0A32-3575-4E30-8BE0-5E931D914D3E}.Release|Any CPU.ActiveCfg = Release|Any CPU
		{C3CC0A32-3575-4E30-8BE0-5E931D914D3E}.Release|Any CPU.Build.0 = Release|Any CPU
		{816BDE8F-C187-44FE-9086-75463B1FEB30}.Debug|Any CPU.ActiveCfg = Debug|Any CPU
		{816BDE8F-C187-44FE-9086-75463B1FEB30}.Debug|Any CPU.Build.0 = Debug|Any CPU
		{816BDE8F-C187-44FE-9086-75463B1FEB30}.Release|Any CPU.ActiveCfg = Release|Any CPU
		{816BDE8F-C187-44FE-9086-75463B1FEB30}.Release|Any CPU.Build.0 = Release|Any CPU
	EndGlobalSection
	GlobalSection(SolutionProperties) = preSolution
		HideSolutionNode = FALSE
	EndGlobalSection
	GlobalSection(ExtensibilityGlobals) = postSolution
		SolutionGuid = {B941863B-4927-4F7F-9CB7-A45C336208EB}
	EndGlobalSection
EndGlobal
