
Microsoft Visual Studio Solution File, Format Version 12.00
# Visual Studio Version 17
VisualStudioVersion = 17.2.32616.157
MinimumVisualStudioVersion = 10.0.40219.1
Project("{FAE04EC0-301F-11D3-BF4B-00C04F79EFBC}") = "Datos", "Datos\Datos.csproj", "{44116A5B-51C8-4052-AA29-23614A8F07E4}"
EndProject
Project("{FAE04EC0-301F-11D3-BF4B-00C04F79EFBC}") = "Negocio", "Negocio\Negocio.csproj", "{3B5D6A3E-B58F-41BB-93D1-AD37DF6D41C5}"
EndProject
Project("{FAE04EC0-301F-11D3-BF4B-00C04F79EFBC}") = "Presentacion", "Presentacion\Presentacion.csproj", "{353DD3B3-1970-482D-A6D8-0CE98E441FC7}"
EndProject
Global
	GlobalSection(SolutionConfigurationPlatforms) = preSolution
		Debug|Any CPU = Debug|Any CPU
		Release|Any CPU = Release|Any CPU
	EndGlobalSection
	GlobalSection(ProjectConfigurationPlatforms) = postSolution
		{44116A5B-51C8-4052-AA29-23614A8F07E4}.Debug|Any CPU.ActiveCfg = Debug|Any CPU
		{44116A5B-51C8-4052-AA29-23614A8F07E4}.Debug|Any CPU.Build.0 = Debug|Any CPU
		{44116A5B-51C8-4052-AA29-23614A8F07E4}.Release|Any CPU.ActiveCfg = Release|Any CPU
		{44116A5B-51C8-4052-AA29-23614A8F07E4}.Release|Any CPU.Build.0 = Release|Any CPU
		{3B5D6A3E-B58F-41BB-93D1-AD37DF6D41C5}.Debug|Any CPU.ActiveCfg = Debug|Any CPU
		{3B5D6A3E-B58F-41BB-93D1-AD37DF6D41C5}.Debug|Any CPU.Build.0 = Debug|Any CPU
		{3B5D6A3E-B58F-41BB-93D1-AD37DF6D41C5}.Release|Any CPU.ActiveCfg = Release|Any CPU
		{3B5D6A3E-B58F-41BB-93D1-AD37DF6D41C5}.Release|Any CPU.Build.0 = Release|Any CPU
		{353DD3B3-1970-482D-A6D8-0CE98E441FC7}.Debug|Any CPU.ActiveCfg = Debug|Any CPU
		{353DD3B3-1970-482D-A6D8-0CE98E441FC7}.Debug|Any CPU.Build.0 = Debug|Any CPU
		{353DD3B3-1970-482D-A6D8-0CE98E441FC7}.Release|Any CPU.ActiveCfg = Release|Any CPU
		{353DD3B3-1970-482D-A6D8-0CE98E441FC7}.Release|Any CPU.Build.0 = Release|Any CPU
	EndGlobalSection
	GlobalSection(SolutionProperties) = preSolution
		HideSolutionNode = FALSE
	EndGlobalSection
	GlobalSection(ExtensibilityGlobals) = postSolution
		SolutionGuid = {F80CC33C-ED81-44E5-8275-F85A85850636}
	EndGlobalSection
EndGlobal
