
Microsoft Visual Studio Solution File, Format Version 12.00
# Visual Studio Version 17
VisualStudioVersion = 17.11.35208.52
MinimumVisualStudioVersion = 10.0.40219.1
Project("{FAE04EC0-301F-11D3-BF4B-00C04F79EFBC}") = "Datos", "Datos\Datos.csproj", "{151CC919-78A8-4CCC-8FA5-D222AC9BE70F}"
EndProject
Project("{FAE04EC0-301F-11D3-BF4B-00C04F79EFBC}") = "Negocio", "Negocio\Negocio.csproj", "{6C2F48C0-E1C2-43CA-8413-F92E57BC4A28}"
EndProject
Project("{FAE04EC0-301F-11D3-BF4B-00C04F79EFBC}") = "Presentacion", "Presentacion\Presentacion.csproj", "{DAE3B8D6-EF88-40F0-9EB1-54252B8A3186}"
EndProject
Global
	GlobalSection(SolutionConfigurationPlatforms) = preSolution
		Debug|Any CPU = Debug|Any CPU
		Release|Any CPU = Release|Any CPU
	EndGlobalSection
	GlobalSection(ProjectConfigurationPlatforms) = postSolution
		{151CC919-78A8-4CCC-8FA5-D222AC9BE70F}.Debug|Any CPU.ActiveCfg = Debug|Any CPU
		{151CC919-78A8-4CCC-8FA5-D222AC9BE70F}.Debug|Any CPU.Build.0 = Debug|Any CPU
		{151CC919-78A8-4CCC-8FA5-D222AC9BE70F}.Release|Any CPU.ActiveCfg = Release|Any CPU
		{151CC919-78A8-4CCC-8FA5-D222AC9BE70F}.Release|Any CPU.Build.0 = Release|Any CPU
		{6C2F48C0-E1C2-43CA-8413-F92E57BC4A28}.Debug|Any CPU.ActiveCfg = Debug|Any CPU
		{6C2F48C0-E1C2-43CA-8413-F92E57BC4A28}.Debug|Any CPU.Build.0 = Debug|Any CPU
		{6C2F48C0-E1C2-43CA-8413-F92E57BC4A28}.Release|Any CPU.ActiveCfg = Release|Any CPU
		{6C2F48C0-E1C2-43CA-8413-F92E57BC4A28}.Release|Any CPU.Build.0 = Release|Any CPU
		{DAE3B8D6-EF88-40F0-9EB1-54252B8A3186}.Debug|Any CPU.ActiveCfg = Debug|Any CPU
		{DAE3B8D6-EF88-40F0-9EB1-54252B8A3186}.Debug|Any CPU.Build.0 = Debug|Any CPU
		{DAE3B8D6-EF88-40F0-9EB1-54252B8A3186}.Release|Any CPU.ActiveCfg = Release|Any CPU
		{DAE3B8D6-EF88-40F0-9EB1-54252B8A3186}.Release|Any CPU.Build.0 = Release|Any CPU
	EndGlobalSection
	GlobalSection(SolutionProperties) = preSolution
		HideSolutionNode = FALSE
	EndGlobalSection
	GlobalSection(ExtensibilityGlobals) = postSolution
		SolutionGuid = {A537BE39-6872-4C2C-B3B3-37E06080C491}
	EndGlobalSection
EndGlobal
